
Microsoft Visual Studio Solution File, Format Version 12.00
# Visual Studio for Mac
Project("{FAE04EC0-301F-11D3-BF4B-00C04F79EFBC}") = "Unity-Technologies-unity-arkit-plugin-53b3d3b059f2", "Assembly-CSharp.csproj", "{04EC7FC1-6ACD-9336-48EE-357BBCB99995}"
EndProject
Project("{FAE04EC0-301F-11D3-BF4B-00C04F79EFBC}") = "Unity-Technologies-unity-arkit-plugin-53b3d3b059f2", "Assembly-CSharp-Editor.csproj", "{079F8584-F4E9-DB60-AB69-7D8D83E2065C}"
EndProject
Global
	GlobalSection(SolutionConfigurationPlatforms) = preSolution
		Debug|Any CPU = Debug|Any CPU
		Release|Any CPU = Release|Any CPU
	EndGlobalSection
	GlobalSection(ProjectConfigurationPlatforms) = postSolution
		{04EC7FC1-6ACD-9336-48EE-357BBCB99995}.Debug|Any CPU.ActiveCfg = Debug|Any CPU
		{04EC7FC1-6ACD-9336-48EE-357BBCB99995}.Debug|Any CPU.Build.0 = Debug|Any CPU
		{04EC7FC1-6ACD-9336-48EE-357BBCB99995}.Release|Any CPU.ActiveCfg = Release|Any CPU
		{04EC7FC1-6ACD-9336-48EE-357BBCB99995}.Release|Any CPU.Build.0 = Release|Any CPU
		{079F8584-F4E9-DB60-AB69-7D8D83E2065C}.Debug|Any CPU.ActiveCfg = Debug|Any CPU
		{079F8584-F4E9-DB60-AB69-7D8D83E2065C}.Debug|Any CPU.Build.0 = Debug|Any CPU
		{079F8584-F4E9-DB60-AB69-7D8D83E2065C}.Release|Any CPU.ActiveCfg = Release|Any CPU
		{079F8584-F4E9-DB60-AB69-7D8D83E2065C}.Release|Any CPU.Build.0 = Release|Any CPU
	EndGlobalSection
	GlobalSection(SolutionProperties) = preSolution
		HideSolutionNode = FALSE
	EndGlobalSection
EndGlobal
