
Microsoft Visual Studio Solution File, Format Version 12.00
# Visual Studio 2012
Project("{FAE04EC0-301F-11D3-BF4B-00C04F79EFBC}") = "Assembly-CSharp", "Assembly-CSharp.csproj", "{DA92C40B-DD88-7D58-8244-F869AFF8F687}"
EndProject
Global
	GlobalSection(SolutionConfigurationPlatforms) = preSolution
		Debug|Any CPU = Debug|Any CPU
		Release|Any CPU = Release|Any CPU
	EndGlobalSection
	GlobalSection(ProjectConfigurationPlatforms) = postSolution
		{DA92C40B-DD88-7D58-8244-F869AFF8F687}.Debug|Any CPU.ActiveCfg = Debug|Any CPU
		{DA92C40B-DD88-7D58-8244-F869AFF8F687}.Debug|Any CPU.Build.0 = Debug|Any CPU
		{DA92C40B-DD88-7D58-8244-F869AFF8F687}.Release|Any CPU.ActiveCfg = Release|Any CPU
		{DA92C40B-DD88-7D58-8244-F869AFF8F687}.Release|Any CPU.Build.0 = Release|Any CPU
	EndGlobalSection
EndGlobal
